
Microsoft Visual Studio Solution File, Format Version 12.00
# Visual Studio Version 17
VisualStudioVersion = 17.0.31903.59
MinimumVisualStudioVersion = 10.0.40219.1
Project("{FAE04EC0-301F-11D3-BF4B-00C04F79EFBC}") = "API", "API\API.csproj", "{7ED9DC30-A494-45AC-8F9D-2574722EBB6A}"
EndProject
Project("{FAE04EC0-301F-11D3-BF4B-00C04F79EFBC}") = "Core", "Core\Core.csproj", "{18E6634C-2DDF-4C1D-AC7A-C8A080477C02}"
EndProject
Project("{FAE04EC0-301F-11D3-BF4B-00C04F79EFBC}") = "Infrastructure", "Infrastructure\Infrastructure.csproj", "{75A17C29-2613-4461-8C97-C3714B55E7F9}"
EndProject
Global
	GlobalSection(SolutionConfigurationPlatforms) = preSolution
		Debug|Any CPU = Debug|Any CPU
		Release|Any CPU = Release|Any CPU
	EndGlobalSection
	GlobalSection(SolutionProperties) = preSolution
		HideSolutionNode = FALSE
	EndGlobalSection
	GlobalSection(ProjectConfigurationPlatforms) = postSolution
		{7ED9DC30-A494-45AC-8F9D-2574722EBB6A}.Debug|Any CPU.ActiveCfg = Debug|Any CPU
		{7ED9DC30-A494-45AC-8F9D-2574722EBB6A}.Debug|Any CPU.Build.0 = Debug|Any CPU
		{7ED9DC30-A494-45AC-8F9D-2574722EBB6A}.Release|Any CPU.ActiveCfg = Release|Any CPU
		{7ED9DC30-A494-45AC-8F9D-2574722EBB6A}.Release|Any CPU.Build.0 = Release|Any CPU
		{18E6634C-2DDF-4C1D-AC7A-C8A080477C02}.Debug|Any CPU.ActiveCfg = Debug|Any CPU
		{18E6634C-2DDF-4C1D-AC7A-C8A080477C02}.Debug|Any CPU.Build.0 = Debug|Any CPU
		{18E6634C-2DDF-4C1D-AC7A-C8A080477C02}.Release|Any CPU.ActiveCfg = Release|Any CPU
		{18E6634C-2DDF-4C1D-AC7A-C8A080477C02}.Release|Any CPU.Build.0 = Release|Any CPU
		{75A17C29-2613-4461-8C97-C3714B55E7F9}.Debug|Any CPU.ActiveCfg = Debug|Any CPU
		{75A17C29-2613-4461-8C97-C3714B55E7F9}.Debug|Any CPU.Build.0 = Debug|Any CPU
		{75A17C29-2613-4461-8C97-C3714B55E7F9}.Release|Any CPU.ActiveCfg = Release|Any CPU
		{75A17C29-2613-4461-8C97-C3714B55E7F9}.Release|Any CPU.Build.0 = Release|Any CPU
	EndGlobalSection
EndGlobal
